
Microsoft Visual Studio Solution File, Format Version 12.00
# Visual Studio Version 17
VisualStudioVersion = 17.0.31903.59
MinimumVisualStudioVersion = 10.0.40219.1
Project("{2150E333-8FDC-42A3-9474-1A3956D46DE8}") = "src", "src", "{827E0CD3-B72D-47B6-A68D-7590B98EB39B}"
EndProject
Project("{2150E333-8FDC-42A3-9474-1A3956D46DE8}") = "BuildingBlocks", "BuildingBlocks", "{90298CBA-BD6F-3A0A-69D5-97CAD7B05E7E}"
EndProject
Project("{2150E333-8FDC-42A3-9474-1A3956D46DE8}") = "Observability", "Observability", "{408E099D-E5BE-D435-3378-22A4F9BFB988}"
EndProject
Project("{FAE04EC0-301F-11D3-BF4B-00C04F79EFBC}") = "BuildingBlocks.Observability", "src\BuildingBlocks\Observability\BuildingBlocks.Observability.csproj", "{68992908-D04D-4819-BEBB-3E4080D41CEE}"
EndProject
Project("{2150E333-8FDC-42A3-9474-1A3956D46DE8}") = "Core", "Core", "{8D626EA8-CB54-BC41-363A-217881BEBA6E}"
EndProject
Project("{2150E333-8FDC-42A3-9474-1A3956D46DE8}") = "Domain", "Domain", "{53986343-908A-6037-C70A-1919D3E9F8C3}"
EndProject
Project("{FAE04EC0-301F-11D3-BF4B-00C04F79EFBC}") = "Core.Domain", "src\Core\Domain\Core.Domain.csproj", "{49D90F0F-CC42-4C28-A8FB-50A7180FC572}"
EndProject
Project("{2150E333-8FDC-42A3-9474-1A3956D46DE8}") = "Application", "Application", "{0CDA018B-BDBD-8926-19A4-D41D9F91466A}"
EndProject
Project("{FAE04EC0-301F-11D3-BF4B-00C04F79EFBC}") = "Core.Application", "src\Core\Application\Core.Application.csproj", "{4DD8D22E-88D2-4DCC-97B5-491EA4857CE8}"
EndProject
Project("{2150E333-8FDC-42A3-9474-1A3956D46DE8}") = "Infrastructure", "Infrastructure", "{9048EB7F-3875-A59E-E36B-5BD4C6F2A282}"
EndProject
Project("{2150E333-8FDC-42A3-9474-1A3956D46DE8}") = "Persistence", "Persistence", "{813E7100-D1EB-AF84-2D96-A854DDFD8E47}"
EndProject

Project("{2150E333-8FDC-42A3-9474-1A3956D46DE8}") = "Messaging", "Messaging", "{C7542521-C6DA-E1DE-3763-30DA17C69695}"
EndProject
Project("{FAE04EC0-301F-11D3-BF4B-00C04F79EFBC}") = "Infrastructure.Messaging", "src\Infrastructure\Messaging\Infrastructure.Messaging.csproj", "{22F0B36A-5424-4F58-8BCC-DB12F0C7C5DA}"
EndProject
Project("{2150E333-8FDC-42A3-9474-1A3956D46DE8}") = "Lambdas", "Lambdas", "{E5E5C00F-6FBF-7C22-E6C7-3B084A9AA325}"
EndProject
Project("{2150E333-8FDC-42A3-9474-1A3956D46DE8}") = "Recipe", "Recipe", "{30FF4D05-CDDC-A6AA-6926-B8747E756BCA}"
EndProject
Project("{FAE04EC0-301F-11D3-BF4B-00C04F79EFBC}") = "Lambdas.Recipe", "src\Lambdas\Recipe\Lambdas.Recipe.csproj", "{6F02ABBC-A49A-436A-A282-E2422CDB89ED}"
EndProject
Project("{2150E333-8FDC-42A3-9474-1A3956D46DE8}") = "Users", "Users", "{40FF4D05-CDDC-A6AA-6926-B8747E756BCB}"
EndProject
Project("{FAE04EC0-301F-11D3-BF4B-00C04F79EFBC}") = "Lambdas.Users", "src\Lambdas\Users\Lambdas.Users.csproj", "{7F02ABBC-A49A-436A-A282-E2422CDB89EE}"
EndProject
Project("{2150E333-8FDC-42A3-9474-1A3956D46DE8}") = "Authorizer", "Authorizer", "{205A9856-21AE-65CD-BDFE-4CF4A86D5B1B}"
EndProject
Project("{FAE04EC0-301F-11D3-BF4B-00C04F79EFBC}") = "Lambdas.Authorizer", "src\Lambdas\Authorizer\Lambdas.Authorizer.csproj", "{6E2D5A2E-EE17-482E-A02B-7A5723F69A30}"
EndProject
Project("{2150E333-8FDC-42A3-9474-1A3956D46DE8}") = "Common", "Common", "{F8284A3B-6172-4543-FC74-2C149A4C2E29}"
EndProject
Project("{FAE04EC0-301F-11D3-BF4B-00C04F79EFBC}") = "BuildingBlocks.Common", "src\BuildingBlocks\Common\BuildingBlocks.Common.csproj", "{3FC5A7FE-76AF-443F-993A-C44783524BFF}"
EndProject
Project("{2150E333-8FDC-42A3-9474-1A3956D46DE8}") = "tests", "tests", "{0AB3BF05-4346-4AA6-1389-037BE0695223}"
EndProject
Project("{FAE04EC0-301F-11D3-BF4B-00C04F79EFBC}") = "RecipeAppApi.Tests", "tests\RecipeAppApi.Tests.csproj", "{FD5D1314-4650-4C50-A5FD-32FB972667A7}"
EndProject
Global
	GlobalSection(SolutionConfigurationPlatforms) = preSolution
		Debug|Any CPU = Debug|Any CPU
		Debug|x64 = Debug|x64
		Debug|x86 = Debug|x86
		Release|Any CPU = Release|Any CPU
		Release|x64 = Release|x64
		Release|x86 = Release|x86
	EndGlobalSection
	GlobalSection(ProjectConfigurationPlatforms) = postSolution
		{68992908-D04D-4819-BEBB-3E4080D41CEE}.Debug|Any CPU.ActiveCfg = Debug|Any CPU
		{68992908-D04D-4819-BEBB-3E4080D41CEE}.Debug|Any CPU.Build.0 = Debug|Any CPU
		{68992908-D04D-4819-BEBB-3E4080D41CEE}.Debug|x64.ActiveCfg = Debug|Any CPU
		{68992908-D04D-4819-BEBB-3E4080D41CEE}.Debug|x64.Build.0 = Debug|Any CPU
		{68992908-D04D-4819-BEBB-3E4080D41CEE}.Debug|x86.ActiveCfg = Debug|Any CPU
		{68992908-D04D-4819-BEBB-3E4080D41CEE}.Debug|x86.Build.0 = Debug|Any CPU
		{68992908-D04D-4819-BEBB-3E4080D41CEE}.Release|Any CPU.ActiveCfg = Release|Any CPU
		{68992908-D04D-4819-BEBB-3E4080D41CEE}.Release|Any CPU.Build.0 = Release|Any CPU
		{68992908-D04D-4819-BEBB-3E4080D41CEE}.Release|x64.ActiveCfg = Release|Any CPU
		{68992908-D04D-4819-BEBB-3E4080D41CEE}.Release|x64.Build.0 = Release|Any CPU
		{68992908-D04D-4819-BEBB-3E4080D41CEE}.Release|x86.ActiveCfg = Release|Any CPU
		{68992908-D04D-4819-BEBB-3E4080D41CEE}.Release|x86.Build.0 = Release|Any CPU
		{49D90F0F-CC42-4C28-A8FB-50A7180FC572}.Debug|Any CPU.ActiveCfg = Debug|Any CPU
		{49D90F0F-CC42-4C28-A8FB-50A7180FC572}.Debug|Any CPU.Build.0 = Debug|Any CPU
		{49D90F0F-CC42-4C28-A8FB-50A7180FC572}.Debug|x64.ActiveCfg = Debug|Any CPU
		{49D90F0F-CC42-4C28-A8FB-50A7180FC572}.Debug|x64.Build.0 = Debug|Any CPU
		{49D90F0F-CC42-4C28-A8FB-50A7180FC572}.Debug|x86.ActiveCfg = Debug|Any CPU
		{49D90F0F-CC42-4C28-A8FB-50A7180FC572}.Debug|x86.Build.0 = Debug|Any CPU
		{49D90F0F-CC42-4C28-A8FB-50A7180FC572}.Release|Any CPU.ActiveCfg = Release|Any CPU
		{49D90F0F-CC42-4C28-A8FB-50A7180FC572}.Release|Any CPU.Build.0 = Release|Any CPU
		{49D90F0F-CC42-4C28-A8FB-50A7180FC572}.Release|x64.ActiveCfg = Release|Any CPU
		{49D90F0F-CC42-4C28-A8FB-50A7180FC572}.Release|x64.Build.0 = Release|Any CPU
		{49D90F0F-CC42-4C28-A8FB-50A7180FC572}.Release|x86.ActiveCfg = Release|Any CPU
		{49D90F0F-CC42-4C28-A8FB-50A7180FC572}.Release|x86.Build.0 = Release|Any CPU
		{4DD8D22E-88D2-4DCC-97B5-491EA4857CE8}.Debug|Any CPU.ActiveCfg = Debug|Any CPU
		{4DD8D22E-88D2-4DCC-97B5-491EA4857CE8}.Debug|Any CPU.Build.0 = Debug|Any CPU
		{4DD8D22E-88D2-4DCC-97B5-491EA4857CE8}.Debug|x64.ActiveCfg = Debug|Any CPU
		{4DD8D22E-88D2-4DCC-97B5-491EA4857CE8}.Debug|x64.Build.0 = Debug|Any CPU
		{4DD8D22E-88D2-4DCC-97B5-491EA4857CE8}.Debug|x86.ActiveCfg = Debug|Any CPU
		{4DD8D22E-88D2-4DCC-97B5-491EA4857CE8}.Debug|x86.Build.0 = Debug|Any CPU
		{4DD8D22E-88D2-4DCC-97B5-491EA4857CE8}.Release|Any CPU.ActiveCfg = Release|Any CPU
		{4DD8D22E-88D2-4DCC-97B5-491EA4857CE8}.Release|Any CPU.Build.0 = Release|Any CPU
		{4DD8D22E-88D2-4DCC-97B5-491EA4857CE8}.Release|x64.ActiveCfg = Release|Any CPU
		{4DD8D22E-88D2-4DCC-97B5-491EA4857CE8}.Release|x64.Build.0 = Release|Any CPU
		{4DD8D22E-88D2-4DCC-97B5-491EA4857CE8}.Release|x86.ActiveCfg = Release|Any CPU
		{4DD8D22E-88D2-4DCC-97B5-491EA4857CE8}.Release|x86.Build.0 = Release|Any CPU

		{22F0B36A-5424-4F58-8BCC-DB12F0C7C5DA}.Debug|Any CPU.ActiveCfg = Debug|Any CPU
		{22F0B36A-5424-4F58-8BCC-DB12F0C7C5DA}.Debug|Any CPU.Build.0 = Debug|Any CPU
		{22F0B36A-5424-4F58-8BCC-DB12F0C7C5DA}.Debug|x64.ActiveCfg = Debug|Any CPU
		{22F0B36A-5424-4F58-8BCC-DB12F0C7C5DA}.Debug|x64.Build.0 = Debug|Any CPU
		{22F0B36A-5424-4F58-8BCC-DB12F0C7C5DA}.Debug|x86.ActiveCfg = Debug|Any CPU
		{22F0B36A-5424-4F58-8BCC-DB12F0C7C5DA}.Debug|x86.Build.0 = Debug|Any CPU
		{22F0B36A-5424-4F58-8BCC-DB12F0C7C5DA}.Release|Any CPU.ActiveCfg = Release|Any CPU
		{22F0B36A-5424-4F58-8BCC-DB12F0C7C5DA}.Release|Any CPU.Build.0 = Release|Any CPU
		{22F0B36A-5424-4F58-8BCC-DB12F0C7C5DA}.Release|x64.ActiveCfg = Release|Any CPU
		{22F0B36A-5424-4F58-8BCC-DB12F0C7C5DA}.Release|x64.Build.0 = Release|Any CPU
		{22F0B36A-5424-4F58-8BCC-DB12F0C7C5DA}.Release|x86.ActiveCfg = Release|Any CPU
		{22F0B36A-5424-4F58-8BCC-DB12F0C7C5DA}.Release|x86.Build.0 = Release|Any CPU
		{6F02ABBC-A49A-436A-A282-E2422CDB89ED}.Debug|Any CPU.ActiveCfg = Debug|Any CPU
		{6F02ABBC-A49A-436A-A282-E2422CDB89ED}.Debug|Any CPU.Build.0 = Debug|Any CPU
		{6F02ABBC-A49A-436A-A282-E2422CDB89ED}.Debug|x64.ActiveCfg = Debug|Any CPU
		{6F02ABBC-A49A-436A-A282-E2422CDB89ED}.Debug|x64.Build.0 = Debug|Any CPU
		{6F02ABBC-A49A-436A-A282-E2422CDB89ED}.Debug|x86.ActiveCfg = Debug|Any CPU
		{6F02ABBC-A49A-436A-A282-E2422CDB89ED}.Debug|x86.Build.0 = Debug|Any CPU
		{6F02ABBC-A49A-436A-A282-E2422CDB89ED}.Release|Any CPU.ActiveCfg = Release|Any CPU
		{6F02ABBC-A49A-436A-A282-E2422CDB89ED}.Release|Any CPU.Build.0 = Release|Any CPU
		{6F02ABBC-A49A-436A-A282-E2422CDB89ED}.Release|x64.ActiveCfg = Release|Any CPU
		{6F02ABBC-A49A-436A-A282-E2422CDB89ED}.Release|x64.Build.0 = Release|Any CPU
		{6F02ABBC-A49A-436A-A282-E2422CDB89ED}.Release|x86.ActiveCfg = Release|Any CPU
		{6F02ABBC-A49A-436A-A282-E2422CDB89ED}.Release|x86.Build.0 = Release|Any CPU
		{7F02ABBC-A49A-436A-A282-E2422CDB89EE}.Debug|Any CPU.ActiveCfg = Debug|Any CPU
		{7F02ABBC-A49A-436A-A282-E2422CDB89EE}.Debug|Any CPU.Build.0 = Debug|Any CPU
		{7F02ABBC-A49A-436A-A282-E2422CDB89EE}.Debug|x64.ActiveCfg = Debug|Any CPU
		{7F02ABBC-A49A-436A-A282-E2422CDB89EE}.Debug|x64.Build.0 = Debug|Any CPU
		{7F02ABBC-A49A-436A-A282-E2422CDB89EE}.Debug|x86.ActiveCfg = Debug|Any CPU
		{7F02ABBC-A49A-436A-A282-E2422CDB89EE}.Debug|x86.Build.0 = Debug|Any CPU
		{7F02ABBC-A49A-436A-A282-E2422CDB89EE}.Release|Any CPU.ActiveCfg = Release|Any CPU
		{7F02ABBC-A49A-436A-A282-E2422CDB89EE}.Release|Any CPU.Build.0 = Release|Any CPU
		{7F02ABBC-A49A-436A-A282-E2422CDB89EE}.Release|x64.ActiveCfg = Release|Any CPU
		{7F02ABBC-A49A-436A-A282-E2422CDB89EE}.Release|x64.Build.0 = Release|Any CPU
		{7F02ABBC-A49A-436A-A282-E2422CDB89EE}.Release|x86.ActiveCfg = Release|Any CPU
		{7F02ABBC-A49A-436A-A282-E2422CDB89EE}.Release|x86.Build.0 = Release|Any CPU
		{6E2D5A2E-EE17-482E-A02B-7A5723F69A30}.Debug|Any CPU.ActiveCfg = Debug|Any CPU
		{6E2D5A2E-EE17-482E-A02B-7A5723F69A30}.Debug|Any CPU.Build.0 = Debug|Any CPU
		{6E2D5A2E-EE17-482E-A02B-7A5723F69A30}.Debug|x64.ActiveCfg = Debug|Any CPU
		{6E2D5A2E-EE17-482E-A02B-7A5723F69A30}.Debug|x64.Build.0 = Debug|Any CPU
		{6E2D5A2E-EE17-482E-A02B-7A5723F69A30}.Debug|x86.ActiveCfg = Debug|Any CPU
		{6E2D5A2E-EE17-482E-A02B-7A5723F69A30}.Debug|x86.Build.0 = Debug|Any CPU
		{6E2D5A2E-EE17-482E-A02B-7A5723F69A30}.Release|Any CPU.ActiveCfg = Release|Any CPU
		{6E2D5A2E-EE17-482E-A02B-7A5723F69A30}.Release|Any CPU.Build.0 = Release|Any CPU
		{6E2D5A2E-EE17-482E-A02B-7A5723F69A30}.Release|x64.ActiveCfg = Release|Any CPU
		{6E2D5A2E-EE17-482E-A02B-7A5723F69A30}.Release|x64.Build.0 = Release|Any CPU
		{6E2D5A2E-EE17-482E-A02B-7A5723F69A30}.Release|x86.ActiveCfg = Release|Any CPU
		{6E2D5A2E-EE17-482E-A02B-7A5723F69A30}.Release|x86.Build.0 = Release|Any CPU
		{3FC5A7FE-76AF-443F-993A-C44783524BFF}.Debug|Any CPU.ActiveCfg = Debug|Any CPU
		{3FC5A7FE-76AF-443F-993A-C44783524BFF}.Debug|Any CPU.Build.0 = Debug|Any CPU
		{3FC5A7FE-76AF-443F-993A-C44783524BFF}.Debug|x64.ActiveCfg = Debug|Any CPU
		{3FC5A7FE-76AF-443F-993A-C44783524BFF}.Debug|x64.Build.0 = Debug|Any CPU
		{3FC5A7FE-76AF-443F-993A-C44783524BFF}.Debug|x86.ActiveCfg = Debug|Any CPU
		{3FC5A7FE-76AF-443F-993A-C44783524BFF}.Debug|x86.Build.0 = Debug|Any CPU
		{3FC5A7FE-76AF-443F-993A-C44783524BFF}.Release|Any CPU.ActiveCfg = Release|Any CPU
		{3FC5A7FE-76AF-443F-993A-C44783524BFF}.Release|Any CPU.Build.0 = Release|Any CPU
		{3FC5A7FE-76AF-443F-993A-C44783524BFF}.Release|x64.ActiveCfg = Release|Any CPU
		{3FC5A7FE-76AF-443F-993A-C44783524BFF}.Release|x64.Build.0 = Release|Any CPU
		{3FC5A7FE-76AF-443F-993A-C44783524BFF}.Release|x86.ActiveCfg = Release|Any CPU
		{3FC5A7FE-76AF-443F-993A-C44783524BFF}.Release|x86.Build.0 = Release|Any CPU
		{FD5D1314-4650-4C50-A5FD-32FB972667A7}.Debug|Any CPU.ActiveCfg = Debug|Any CPU
		{FD5D1314-4650-4C50-A5FD-32FB972667A7}.Debug|Any CPU.Build.0 = Debug|Any CPU
		{FD5D1314-4650-4C50-A5FD-32FB972667A7}.Debug|x64.ActiveCfg = Debug|Any CPU
		{FD5D1314-4650-4C50-A5FD-32FB972667A7}.Debug|x64.Build.0 = Debug|Any CPU
		{FD5D1314-4650-4C50-A5FD-32FB972667A7}.Debug|x86.ActiveCfg = Debug|Any CPU
		{FD5D1314-4650-4C50-A5FD-32FB972667A7}.Debug|x86.Build.0 = Debug|Any CPU
		{FD5D1314-4650-4C50-A5FD-32FB972667A7}.Release|Any CPU.ActiveCfg = Release|Any CPU
		{FD5D1314-4650-4C50-A5FD-32FB972667A7}.Release|Any CPU.Build.0 = Release|Any CPU
		{FD5D1314-4650-4C50-A5FD-32FB972667A7}.Release|x64.ActiveCfg = Release|Any CPU
		{FD5D1314-4650-4C50-A5FD-32FB972667A7}.Release|x64.Build.0 = Release|Any CPU
		{FD5D1314-4650-4C50-A5FD-32FB972667A7}.Release|x86.ActiveCfg = Release|Any CPU
		{FD5D1314-4650-4C50-A5FD-32FB972667A7}.Release|x86.Build.0 = Release|Any CPU
	EndGlobalSection
	GlobalSection(SolutionProperties) = preSolution
		HideSolutionNode = FALSE
	EndGlobalSection
	GlobalSection(NestedProjects) = preSolution
		{90298CBA-BD6F-3A0A-69D5-97CAD7B05E7E} = {827E0CD3-B72D-47B6-A68D-7590B98EB39B}
		{408E099D-E5BE-D435-3378-22A4F9BFB988} = {90298CBA-BD6F-3A0A-69D5-97CAD7B05E7E}
		{68992908-D04D-4819-BEBB-3E4080D41CEE} = {408E099D-E5BE-D435-3378-22A4F9BFB988}
		{8D626EA8-CB54-BC41-363A-217881BEBA6E} = {827E0CD3-B72D-47B6-A68D-7590B98EB39B}
		{53986343-908A-6037-C70A-1919D3E9F8C3} = {8D626EA8-CB54-BC41-363A-217881BEBA6E}
		{49D90F0F-CC42-4C28-A8FB-50A7180FC572} = {53986343-908A-6037-C70A-1919D3E9F8C3}
		{0CDA018B-BDBD-8926-19A4-D41D9F91466A} = {8D626EA8-CB54-BC41-363A-217881BEBA6E}
		{4DD8D22E-88D2-4DCC-97B5-491EA4857CE8} = {0CDA018B-BDBD-8926-19A4-D41D9F91466A}
		{9048EB7F-3875-A59E-E36B-5BD4C6F2A282} = {827E0CD3-B72D-47B6-A68D-7590B98EB39B}
		{813E7100-D1EB-AF84-2D96-A854DDFD8E47} = {9048EB7F-3875-A59E-E36B-5BD4C6F2A282}

		{C7542521-C6DA-E1DE-3763-30DA17C69695} = {9048EB7F-3875-A59E-E36B-5BD4C6F2A282}
		{22F0B36A-5424-4F58-8BCC-DB12F0C7C5DA} = {C7542521-C6DA-E1DE-3763-30DA17C69695}
		{E5E5C00F-6FBF-7C22-E6C7-3B084A9AA325} = {827E0CD3-B72D-47B6-A68D-7590B98EB39B}
		{30FF4D05-CDDC-A6AA-6926-B8747E756BCA} = {E5E5C00F-6FBF-7C22-E6C7-3B084A9AA325}
		{6F02ABBC-A49A-436A-A282-E2422CDB89ED} = {30FF4D05-CDDC-A6AA-6926-B8747E756BCA}
		{40FF4D05-CDDC-A6AA-6926-B8747E756BCB} = {E5E5C00F-6FBF-7C22-E6C7-3B084A9AA325}
		{7F02ABBC-A49A-436A-A282-E2422CDB89EE} = {40FF4D05-CDDC-A6AA-6926-B8747E756BCB}
		{205A9856-21AE-65CD-BDFE-4CF4A86D5B1B} = {E5E5C00F-6FBF-7C22-E6C7-3B084A9AA325}
		{6E2D5A2E-EE17-482E-A02B-7A5723F69A30} = {205A9856-21AE-65CD-BDFE-4CF4A86D5B1B}
		{F8284A3B-6172-4543-FC74-2C149A4C2E29} = {90298CBA-BD6F-3A0A-69D5-97CAD7B05E7E}
		{3FC5A7FE-76AF-443F-993A-C44783524BFF} = {F8284A3B-6172-4543-FC74-2C149A4C2E29}
		{FD5D1314-4650-4C50-A5FD-32FB972667A7} = {0AB3BF05-4346-4AA6-1389-037BE0695223}
	EndGlobalSection
EndGlobal
